
Microsoft Visual Studio Solution File, Format Version 12.00
# Visual Studio Version 17
VisualStudioVersion = 17.7.34024.191
MinimumVisualStudioVersion = 10.0.40219.1
Project("{FAE04EC0-301F-11D3-BF4B-00C04F79EFBC}") = "WFA_Teorik_100223", "WFA_Teorik_100223\WFA_Teorik_100223.csproj", "{84C23223-05B5-491D-9138-35311A53FED8}"
EndProject
Global
	GlobalSection(SolutionConfigurationPlatforms) = preSolution
		Debug|Any CPU = Debug|Any CPU
		Release|Any CPU = Release|Any CPU
	EndGlobalSection
	GlobalSection(ProjectConfigurationPlatforms) = postSolution
		{84C23223-05B5-491D-9138-35311A53FED8}.Debug|Any CPU.ActiveCfg = Debug|Any CPU
		{84C23223-05B5-491D-9138-35311A53FED8}.Debug|Any CPU.Build.0 = Debug|Any CPU
		{84C23223-05B5-491D-9138-35311A53FED8}.Release|Any CPU.ActiveCfg = Release|Any CPU
		{84C23223-05B5-491D-9138-35311A53FED8}.Release|Any CPU.Build.0 = Release|Any CPU
	EndGlobalSection
	GlobalSection(SolutionProperties) = preSolution
		HideSolutionNode = FALSE
	EndGlobalSection
	GlobalSection(ExtensibilityGlobals) = postSolution
		SolutionGuid = {464416E6-9F89-46C0-9811-DAC9DF7981FB}
	EndGlobalSection
EndGlobal
